{
  "name": "finger-joint-maker",
  "version": "1.0.0",
  "lockfileVersion": 1,
  "requires": true,
  "dependencies": {
    "basic-stl-generator-mk2": {
      "version": "2.0.0",
      "resolved": "https://registry.npmjs.org/basic-stl-generator-mk2/-/basic-stl-generator-mk2-2.0.0.tgz",
      "integrity": "sha512-EyN3tm3fzu//I3z5pjh0urBIzmzGoaFl0lBbIH+9os6o2XC8LQWmdrSCWe9FVttmJZ7DZpdns1uUEg6ZRltG3Q=="
    },
    "fs": {
      "version": "0.0.1-security",
      "resolved": "https://registry.npmjs.org/fs/-/fs-0.0.1-security.tgz",
      "integrity": "sha1-invTcYa23d84E/I4WLV+yq9eQdQ="
    }
  }
}
