{
  "name": "finger-joint-maker",
  "version": "1.0.0",
  "lockfileVersion": 1,
  "requires": true,
  "dependencies": {
    "basic-stl-generator-mk2": {
      "version": "1.3.2",
      "resolved": "https://registry.npmjs.org/basic-stl-generator-mk2/-/basic-stl-generator-mk2-1.3.2.tgz",
      "integrity": "sha512-RjxPJAKvjUUp4xPX0S1JO+tcgEArOHvqvHm0KALdu9THCYn+6pAShDIOxnEW3eTEUma1yaerNn4NAffJDCEBjA=="
    },
    "fs": {
      "version": "0.0.1-security",
      "resolved": "https://registry.npmjs.org/fs/-/fs-0.0.1-security.tgz",
      "integrity": "sha1-invTcYa23d84E/I4WLV+yq9eQdQ="
    }
  }
}
